
Microsoft Visual Studio Solution File, Format Version 12.00
# Visual Studio 2012
Project("{FAE04EC0-301F-11D3-BF4B-00C04F79EFBC}") = "HostA", "HostA\HostA.csproj", "{F51E52F0-5E87-4448-BF8B-2EB8C5EB82B2}"
EndProject
Project("{FAE04EC0-301F-11D3-BF4B-00C04F79EFBC}") = "HostB", "HostB\HostB.csproj", "{4164FEBD-608A-4AA4-BDB7-7E1F3EEE8BE9}"
EndProject
Global
	GlobalSection(SolutionConfigurationPlatforms) = preSolution
		Debug|Any CPU = Debug|Any CPU
		Release|Any CPU = Release|Any CPU
	EndGlobalSection
	GlobalSection(ProjectConfigurationPlatforms) = postSolution
		{F51E52F0-5E87-4448-BF8B-2EB8C5EB82B2}.Debug|Any CPU.ActiveCfg = Debug|Any CPU
		{F51E52F0-5E87-4448-BF8B-2EB8C5EB82B2}.Debug|Any CPU.Build.0 = Debug|Any CPU
		{F51E52F0-5E87-4448-BF8B-2EB8C5EB82B2}.Release|Any CPU.ActiveCfg = Release|Any CPU
		{F51E52F0-5E87-4448-BF8B-2EB8C5EB82B2}.Release|Any CPU.Build.0 = Release|Any CPU
		{4164FEBD-608A-4AA4-BDB7-7E1F3EEE8BE9}.Debug|Any CPU.ActiveCfg = Debug|Any CPU
		{4164FEBD-608A-4AA4-BDB7-7E1F3EEE8BE9}.Debug|Any CPU.Build.0 = Debug|Any CPU
		{4164FEBD-608A-4AA4-BDB7-7E1F3EEE8BE9}.Release|Any CPU.ActiveCfg = Release|Any CPU
		{4164FEBD-608A-4AA4-BDB7-7E1F3EEE8BE9}.Release|Any CPU.Build.0 = Release|Any CPU
	EndGlobalSection
	GlobalSection(SolutionProperties) = preSolution
		HideSolutionNode = FALSE
	EndGlobalSection
EndGlobal
